{
    "_readme": [
        "This file locks the dependencies of your project to a known state",
        "Read more about it at https://getcomposer.org/doc/01-basic-usage.md#composer-lock-the-lock-file",
        "This file is @generated automatically"
    ],
    "hash": "ef0653d06a3f59e31a761998f184e64b",
    "content-hash": "aab983507ba35a7bea1afe2bd4178ea3",
    "packages": [
        {
            "name": "kaltura/api-client-library",
            "version": "dev-master",
            "source": {
                "type": "git",
                "url": "https://github.com/kaltura/KalturaGeneratedAPIClientsPHP53.git",
                "reference": "ea21277ec1738b300836580c462f5b703b459115"
            },
            "dist": {
                "type": "zip",
                "url": "https://api.github.com/repos/kaltura/KalturaGeneratedAPIClientsPHP53/zipball/ea21277ec1738b300836580c462f5b703b459115",
                "reference": "ea21277ec1738b300836580c462f5b703b459115",
                "shasum": ""
            },
            "require": {
                "php": ">=5.3.3"
            },
            "type": "library",
            "autoload": {
                "psr-0": {
                    "Kaltura": "library"
                }
            },
            "notification-url": "https://packagist.org/downloads/",
            "license": [
                "AGPL-3.0"
            ],
            "authors": [
                {
                    "name": "Kaltura",
                    "homepage": "http://www.kaltura.org/"
                }
            ],
            "description": "An auto generated Composer package for the Kaltura API client library",
            "keywords": [
                "api",
                "client library",
                "kaltura",
                "open source video",
                "video",
                "video platform"
            ],
            "time": "2015-11-06 05:55:21"
        }
    ],
    "packages-dev": [],
    "aliases": [],
    "minimum-stability": "dev",
    "stability-flags": {
        "kaltura/api-client-library": 20
    },
    "prefer-stable": true,
    "prefer-lowest": false,
    "platform": [],
    "platform-dev": []
}
